
Microsoft Visual Studio Solution File, Format Version 12.00
# Visual Studio Version 17
VisualStudioVersion = 17.13.35931.197 d17.13
MinimumVisualStudioVersion = 10.0.40219.1
Project("{FAE04EC0-301F-11D3-BF4B-00C04F79EFBC}") = "UretimVeriAnalizi", "UretimVeriAnalizi.csproj", "{3E64AE5B-0CE4-4AEC-A9CF-8BD633D759A6}"
EndProject
Global
	GlobalSection(SolutionConfigurationPlatforms) = preSolution
		Debug|Any CPU = Debug|Any CPU
		Release|Any CPU = Release|Any CPU
	EndGlobalSection
	GlobalSection(ProjectConfigurationPlatforms) = postSolution
		{3E64AE5B-0CE4-4AEC-A9CF-8BD633D759A6}.Debug|Any CPU.ActiveCfg = Debug|Any CPU
		{3E64AE5B-0CE4-4AEC-A9CF-8BD633D759A6}.Debug|Any CPU.Build.0 = Debug|Any CPU
		{3E64AE5B-0CE4-4AEC-A9CF-8BD633D759A6}.Release|Any CPU.ActiveCfg = Release|Any CPU
		{3E64AE5B-0CE4-4AEC-A9CF-8BD633D759A6}.Release|Any CPU.Build.0 = Release|Any CPU
	EndGlobalSection
	GlobalSection(SolutionProperties) = preSolution
		HideSolutionNode = FALSE
	EndGlobalSection
	GlobalSection(ExtensibilityGlobals) = postSolution
		SolutionGuid = {A660F3EF-7D6E-4737-A16D-12ADD1EACD73}
	EndGlobalSection
EndGlobal
